github.com/achille-roussel/go-dl v0.0.0-20160112015913-00e9c7be8e78 h1:aQWa3STEXuctgbaHCXzHA7Rztk26afFg/dPpWYjq7HA=
github.com/achille-roussel/go-dl v0.0.0-20160112015913-00e9c7be8e78/go.mod h1:lQecrvDcglA5p8CU7gWNzKTL3PdaerDKSoM6hNY0FcE=
github.com/clevabit/libgoffi v0.0.0-20200823130220-596cf88fbe7a h1:Xv3FzQqP3pTmo0+eWcXQN2CYbVOoK3A6MEQ/jgTN7vE=
github.com/clevabit/libgoffi v0.0.0-20200823130220-596cf88fbe7a/go.mod h1:MLfUu607WjB6xYQGG121SAii3pPfEWZUPXg0Z+3g5x4=
